dependencies:
- name: keycloak
  repository: oci://ghcr.io/codecentric/helm-charts
  version: 18.10.0
- name: opa-kube-mgmt
  repository: https://open-policy-agent.github.io/kube-mgmt/charts
  version: 8.5.11
- name: apisix
  repository: https://charts.apiseven.com
  version: 2.10.0
- name: data-security-service
  repository: https://candil-data-fabric.github.io/data-security-service-helm
  version: 1.1.1
digest: sha256:a1d5e333e24272ae807e186c8ce6cbab2cbd9fe9310a3bc79c56fc978a05e318
generated: "2025-02-17T17:43:39.554438+01:00"
