dependencies:
- name: keycloakx
  repository: https://codecentric.github.io/helm-charts
  version: 7.0.1
- name: postgresql
  repository: https://charts.bitnami.com/bitnami
  version: 16.4.14
- name: opa-kube-mgmt
  repository: https://open-policy-agent.github.io/kube-mgmt/charts
  version: 8.5.11
- name: apisix
  repository: https://charts.apiseven.com
  version: 2.10.0
- name: data-security-service
  repository: https://candil-data-fabric.github.io/data-security-service-helm
  version: 1.1.1
- name: opa-service
  repository: https://tefiros.github.io/opa-service-helm
  version: 1.0.0
- name: openldap
  repository: https://jp-gouin.github.io/helm-openldap/
  version: 2.0.4
digest: sha256:13605e22c98a7654d702cf09a580647d8895c9208214a969f5a3cefba9f36639
generated: "2025-12-05T10:22:21.736795+01:00"
